// !$*UTF8*$!
{
	archiveVersion = 1;
	classes = {
	};
	objectVersion = 56;
	objects = {

/* Begin PBXBuildFile section */
		B5BB11812AAEF3C4003AB283 /* SDWebImage in Frameworks */ = {isa = PBXBuildFile; productRef = B5BB11802AAEF3C4003AB283 /* SDWebImage */; };
		B5BB11832AAEF3C4003AB283 /* SDWebImageMapKit in Frameworks */ = {isa = PBXBuildFile; productRef = B5BB11822AAEF3C4003AB283 /* SDWebImageMapKit */; };
		B5BB11852AAF1A20003AB283 /* postclass.swift in Sources */ = {isa = PBXBuildFile; fileRef = B5BB11842AAF1A20003AB283 /* postclass.swift */; };
		B5D6975D2AAC5E3200FDCD5E /* AppDelegate.swift in Sources */ = {isa = PBXBuildFile; fileRef = B5D6975C2AAC5E3200FDCD5E /* AppDelegate.swift */; };
		B5D6975F2AAC5E3200FDCD5E /* SceneDelegate.swift in Sources */ = {isa = PBXBuildFile; fileRef = B5D6975E2AAC5E3200FDCD5E /* SceneDelegate.swift */; };
		B5D697612AAC5E3200FDCD5E /* ViewController.swift in Sources */ = {isa = PBXBuildFile; fileRef = B5D697602AAC5E3200FDCD5E /* ViewController.swift */; };
		B5D697642AAC5E3200FDCD5E /* Main.storyboard in Resources */ = {isa = PBXBuildFile; fileRef = B5D697622AAC5E3200FDCD5E /* Main.storyboard */; };
		B5D697662AAC5E3400FDCD5E /* Assets.xcassets in Resources */ = {isa = PBXBuildFile; fileRef = B5D697652AAC5E3400FDCD5E /* Assets.xcassets */; };
		B5D697692AAC5E3400FDCD5E /* LaunchScreen.storyboard in Resources */ = {isa = PBXBuildFile; fileRef = B5D697672AAC5E3400FDCD5E /* LaunchScreen.storyboard */; };
		B5D697712AAC607A00FDCD5E /* GoogleService-Info.plist in Resources */ = {isa = PBXBuildFile; fileRef = B5D697702AAC607A00FDCD5E /* GoogleService-Info.plist */; };
		B5D697742AAC616400FDCD5E /* FirebaseAnalytics in Frameworks */ = {isa = PBXBuildFile; productRef = B5D697732AAC616400FDCD5E /* FirebaseAnalytics */; };
		B5D697762AAC616400FDCD5E /* FirebaseAuth in Frameworks */ = {isa = PBXBuildFile; productRef = B5D697752AAC616400FDCD5E /* FirebaseAuth */; };
		B5D697782AAC616400FDCD5E /* FirebaseAuthCombine-Community in Frameworks */ = {isa = PBXBuildFile; productRef = B5D697772AAC616400FDCD5E /* FirebaseAuthCombine-Community */; };
		B5D6977A2AAC616400FDCD5E /* FirebaseDatabase in Frameworks */ = {isa = PBXBuildFile; productRef = B5D697792AAC616400FDCD5E /* FirebaseDatabase */; };
		B5D6977C2AAC616400FDCD5E /* FirebaseFirestore in Frameworks */ = {isa = PBXBuildFile; productRef = B5D6977B2AAC616400FDCD5E /* FirebaseFirestore */; };
		B5D6977E2AAC616400FDCD5E /* FirebaseInAppMessaging-Beta in Frameworks */ = {isa = PBXBuildFile; productRef = B5D6977D2AAC616400FDCD5E /* FirebaseInAppMessaging-Beta */; };
		B5D697802AAC616400FDCD5E /* FirebaseStorage in Frameworks */ = {isa = PBXBuildFile; productRef = B5D6977F2AAC616400FDCD5E /* FirebaseStorage */; };
		B5D697822AAC640200FDCD5E /* MainViewController.swift in Sources */ = {isa = PBXBuildFile; fileRef = B5D697812AAC640200FDCD5E /* MainViewController.swift */; };
		B5D697842AAC6F8E00FDCD5E /* uploadViewController.swift in Sources */ = {isa = PBXBuildFile; fileRef = B5D697832AAC6F8E00FDCD5E /* uploadViewController.swift */; };
		B5D697862AAC7B7A00FDCD5E /* feedViewController.swift in Sources */ = {isa = PBXBuildFile; fileRef = B5D697852AAC7B7A00FDCD5E /* feedViewController.swift */; };
		B5D697882AAC806800FDCD5E /* settingViewController.swift in Sources */ = {isa = PBXBuildFile; fileRef = B5D697872AAC806800FDCD5E /* settingViewController.swift */; };
		B5D6978A2AAC896B00FDCD5E /* feedcell.swift in Sources */ = {isa = PBXBuildFile; fileRef = B5D697892AAC896B00FDCD5E /* feedcell.swift */; };
/* End PBXBuildFile section */

/* Begin PBXFileReference section */
		B5BB11842AAF1A20003AB283 /* postclass.swift */ = {isa = PBXFileReference; lastKnownFileType = sourcecode.swift; path = postclass.swift; sourceTree = "<group>"; };
		B5D697592AAC5E3200FDCD5E /* deneme2.app */ = {isa = PBXFileReference; explicitFileType = wrapper.application; includeInIndex = 0; path = deneme2.app; sourceTree = BUILT_PRODUCTS_DIR; };
		B5D6975C2AAC5E3200FDCD5E /* AppDelegate.swift */ = {isa = PBXFileReference; lastKnownFileType = sourcecode.swift; path = AppDelegate.swift; sourceTree = "<group>"; };
		B5D6975E2AAC5E3200FDCD5E /* SceneDelegate.swift */ = {isa = PBXFileReference; lastKnownFileType = sourcecode.swift; path = SceneDelegate.swift; sourceTree = "<group>"; };
		B5D697602AAC5E3200FDCD5E /* ViewController.swift */ = {isa = PBXFileReference; lastKnownFileType = sourcecode.swift; path = ViewController.swift; sourceTree = "<group>"; };
		B5D697632AAC5E3200FDCD5E /* Base */ = {isa = PBXFileReference; lastKnownFileType = file.storyboard; name = Base; path = Base.lproj/Main.storyboard; sourceTree = "<group>"; };
		B5D697652AAC5E3400FDCD5E /* Assets.xcassets */ = {isa = PBXFileReference; lastKnownFileType = folder.assetcatalog; path = Assets.xcassets; sourceTree = "<group>"; };
		B5D697682AAC5E3400FDCD5E /* Base */ = {isa = PBXFileReference; lastKnownFileType = file.storyboard; name = Base; path = Base.lproj/LaunchScreen.storyboard; sourceTree = "<group>"; };
		B5D6976A2AAC5E3400FDCD5E /* Info.plist */ = {isa = PBXFileReference; lastKnownFileType = text.plist.xml; path = Info.plist; sourceTree = "<group>"; };
		B5D697702AAC607A00FDCD5E /* GoogleService-Info.plist */ = {isa = PBXFileReference; fileEncoding = 4; lastKnownFileType = text.plist.xml; path = "GoogleService-Info.plist"; sourceTree = "<group>"; };
		B5D697812AAC640200FDCD5E /* MainViewController.swift */ = {isa = PBXFileReference; lastKnownFileType = sourcecode.swift; path = MainViewController.swift; sourceTree = "<group>"; };
		B5D697832AAC6F8E00FDCD5E /* uploadViewController.swift */ = {isa = PBXFileReference; lastKnownFileType = sourcecode.swift; path = uploadViewController.swift; sourceTree = "<group>"; };
		B5D697852AAC7B7A00FDCD5E /* feedViewController.swift */ = {isa = PBXFileReference; lastKnownFileType = sourcecode.swift; path = feedViewController.swift; sourceTree = "<group>"; };
		B5D697872AAC806800FDCD5E /* settingViewController.swift */ = {isa = PBXFileReference; lastKnownFileType = sourcecode.swift; path = settingViewController.swift; sourceTree = "<group>"; };
		B5D697892AAC896B00FDCD5E /* feedcell.swift */ = {isa = PBXFileReference; lastKnownFileType = sourcecode.swift; path = feedcell.swift; sourceTree = "<group>"; };
/* End PBXFileReference section */

/* Begin PBXFrameworksBuildPhase section */
		B5D697562AAC5E3100FDCD5E /* Frameworks */ = {
			isa = PBXFrameworksBuildPhase;
			buildActionMask = 2147483647;
			files = (
				B5D697742AAC616400FDCD5E /* FirebaseAnalytics in Frameworks */,
				B5BB11832AAEF3C4003AB283 /* SDWebImageMapKit in Frameworks */,
				B5D697782AAC616400FDCD5E /* FirebaseAuthCombine-Community in Frameworks */,
				B5BB11812AAEF3C4003AB283 /* SDWebImage in Frameworks */,
				B5D6977A2AAC616400FDCD5E /* FirebaseDatabase in Frameworks */,
				B5D6977C2AAC616400FDCD5E /* FirebaseFirestore in Frameworks */,
				B5D697802AAC616400FDCD5E /* FirebaseStorage in Frameworks */,
				B5D697762AAC616400FDCD5E /* FirebaseAuth in Frameworks */,
				B5D6977E2AAC616400FDCD5E /* FirebaseInAppMessaging-Beta in Frameworks */,
			);
			runOnlyForDeploymentPostprocessing = 0;
		};
/* End PBXFrameworksBuildPhase section */

/* Begin PBXGroup section */
		B5D697502AAC5E3100FDCD5E = {
			isa = PBXGroup;
			children = (
				B5D6975B2AAC5E3200FDCD5E /* deneme2 */,
				B5D6975A2AAC5E3200FDCD5E /* Products */,
			);
			sourceTree = "<group>";
		};
		B5D6975A2AAC5E3200FDCD5E /* Products */ = {
			isa = PBXGroup;
			children = (
				B5D697592AAC5E3200FDCD5E /* deneme2.app */,
			);
			name = Products;
			sourceTree = "<group>";
		};
		B5D6975B2AAC5E3200FDCD5E /* deneme2 */ = {
			isa = PBXGroup;
			children = (
				B5D6975C2AAC5E3200FDCD5E /* AppDelegate.swift */,
				B5D697812AAC640200FDCD5E /* MainViewController.swift */,
				B5BB11842AAF1A20003AB283 /* postclass.swift */,
				B5D6975E2AAC5E3200FDCD5E /* SceneDelegate.swift */,
				B5D697832AAC6F8E00FDCD5E /* uploadViewController.swift */,
				B5D697872AAC806800FDCD5E /* settingViewController.swift */,
				B5D697852AAC7B7A00FDCD5E /* feedViewController.swift */,
				B5D697602AAC5E3200FDCD5E /* ViewController.swift */,
				B5D697892AAC896B00FDCD5E /* feedcell.swift */,
				B5D697622AAC5E3200FDCD5E /* Main.storyboard */,
				B5D697652AAC5E3400FDCD5E /* Assets.xcassets */,
				B5D697672AAC5E3400FDCD5E /* LaunchScreen.storyboard */,
				B5D697702AAC607A00FDCD5E /* GoogleService-Info.plist */,
				B5D6976A2AAC5E3400FDCD5E /* Info.plist */,
			);
			path = deneme2;
			sourceTree = "<group>";
		};
/* End PBXGroup section */

/* Begin PBXNativeTarget section */
		B5D697582AAC5E3100FDCD5E /* deneme2 */ = {
			isa = PBXNativeTarget;
			buildConfigurationList = B5D6976D2AAC5E3400FDCD5E /* Build configuration list for PBXNativeTarget "deneme2" */;
			buildPhases = (
				B5D697552AAC5E3100FDCD5E /* Sources */,
				B5D697562AAC5E3100FDCD5E /* Frameworks */,
				B5D697572AAC5E3100FDCD5E /* Resources */,
			);
			buildRules = (
			);
			dependencies = (
			);
			name = deneme2;
			packageProductDependencies = (
				B5D697732AAC616400FDCD5E /* FirebaseAnalytics */,
				B5D697752AAC616400FDCD5E /* FirebaseAuth */,
				B5D697772AAC616400FDCD5E /* FirebaseAuthCombine-Community */,
				B5D697792AAC616400FDCD5E /* FirebaseDatabase */,
				B5D6977B2AAC616400FDCD5E /* FirebaseFirestore */,
				B5D6977D2AAC616400FDCD5E /* FirebaseInAppMessaging-Beta */,
				B5D6977F2AAC616400FDCD5E /* FirebaseStorage */,
				B5BB11802AAEF3C4003AB283 /* SDWebImage */,
				B5BB11822AAEF3C4003AB283 /* SDWebImageMapKit */,
			);
			productName = deneme2;
			productReference = B5D697592AAC5E3200FDCD5E /* deneme2.app */;
			productType = "com.apple.product-type.application";
		};
/* End PBXNativeTarget section */

/* Begin PBXProject section */
		B5D697512AAC5E3100FDCD5E /* Project object */ = {
			isa = PBXProject;
			attributes = {
				BuildIndependentTargetsInParallel = 1;
				LastSwiftUpdateCheck = 1430;
				LastUpgradeCheck = 1430;
				TargetAttributes = {
					B5D697582AAC5E3100FDCD5E = {
						CreatedOnToolsVersion = 14.3.1;
					};
				};
			};
			buildConfigurationList = B5D697542AAC5E3100FDCD5E /* Build configuration list for PBXProject "deneme2" */;
			compatibilityVersion = "Xcode 14.0";
			developmentRegion = en;
			hasScannedForEncodings = 0;
			knownRegions = (
				en,
				Base,
			);
			mainGroup = B5D697502AAC5E3100FDCD5E;
			packageReferences = (
				B5D697722AAC616400FDCD5E /* XCRemoteSwiftPackageReference "firebase-ios-sdk" */,
				B5BB117F2AAEF3C4003AB283 /* XCRemoteSwiftPackageReference "SDWebImage" */,
			);
			productRefGroup = B5D6975A2AAC5E3200FDCD5E /* Products */;
			projectDirPath = "";
			projectRoot = "";
			targets = (
				B5D697582AAC5E3100FDCD5E /* deneme2 */,
			);
		};
/* End PBXProject section */

/* Begin PBXResourcesBuildPhase section */
		B5D697572AAC5E3100FDCD5E /* Resources */ = {
			isa = PBXResourcesBuildPhase;
			buildActionMask = 2147483647;
			files = (
				B5D697692AAC5E3400FDCD5E /* LaunchScreen.storyboard in Resources */,
				B5D697712AAC607A00FDCD5E /* GoogleService-Info.plist in Resources */,
				B5D697662AAC5E3400FDCD5E /* Assets.xcassets in Resources */,
				B5D697642AAC5E3200FDCD5E /* Main.storyboard in Resources */,
			);
			runOnlyForDeploymentPostprocessing = 0;
		};
/* End PBXResourcesBuildPhase section */

/* Begin PBXSourcesBuildPhase section */
		B5D697552AAC5E3100FDCD5E /* Sources */ = {
			isa = PBXSourcesBuildPhase;
			buildActionMask = 2147483647;
			files = (
				B5BB11852AAF1A20003AB283 /* postclass.swift in Sources */,
				B5D697862AAC7B7A00FDCD5E /* feedViewController.swift in Sources */,
				B5D697612AAC5E3200FDCD5E /* ViewController.swift in Sources */,
				B5D6975D2AAC5E3200FDCD5E /* AppDelegate.swift in Sources */,
				B5D697842AAC6F8E00FDCD5E /* uploadViewController.swift in Sources */,
				B5D6975F2AAC5E3200FDCD5E /* SceneDelegate.swift in Sources */,
				B5D6978A2AAC896B00FDCD5E /* feedcell.swift in Sources */,
				B5D697882AAC806800FDCD5E /* settingViewController.swift in Sources */,
				B5D697822AAC640200FDCD5E /* MainViewController.swift in Sources */,
			);
			runOnlyForDeploymentPostprocessing = 0;
		};
/* End PBXSourcesBuildPhase section */

/* Begin PBXVariantGroup section */
		B5D697622AAC5E3200FDCD5E /* Main.storyboard */ = {
			isa = PBXVariantGroup;
			children = (
				B5D697632AAC5E3200FDCD5E /* Base */,
			);
			name = Main.storyboard;
			sourceTree = "<group>";
		};
		B5D697672AAC5E3400FDCD5E /* LaunchScreen.storyboard */ = {
			isa = PBXVariantGroup;
			children = (
				B5D697682AAC5E3400FDCD5E /* Base */,
			);
			name = LaunchScreen.storyboard;
			sourceTree = "<group>";
		};
/* End PBXVariantGroup section */

/* Begin XCBuildConfiguration section */
		B5D6976B2AAC5E3400FDCD5E /* Debug */ = {
			isa = XCBuildConfiguration;
			buildSettings = {
				ALWAYS_SEARCH_USER_PATHS = NO;
				CLANG_ANALYZER_NONNULL = YES;
				CLANG_ANALYZER_NUMBER_OBJECT_CONVERSION = YES_AGGRESSIVE;
				CLANG_CXX_LANGUAGE_STANDARD = "gnu++20";
				CLANG_ENABLE_MODULES = YES;
				CLANG_ENABLE_OBJC_ARC = YES;
				CLANG_ENABLE_OBJC_WEAK = YES;
				CLANG_WARN_BLOCK_CAPTURE_AUTORELEASING = YES;
				CLANG_WARN_BOOL_CONVERSION = YES;
				CLANG_WARN_COMMA = YES;
				CLANG_WARN_CONSTANT_CONVERSION = YES;
				CLANG_WARN_DEPRECATED_OBJC_IMPLEMENTATIONS = YES;
				CLANG_WARN_DIRECT_OBJC_ISA_USAGE = YES_ERROR;
				CLANG_WARN_DOCUMENTATION_COMMENTS = YES;
				CLANG_WARN_EMPTY_BODY = YES;
				CLANG_WARN_ENUM_CONVERSION = YES;
				CLANG_WARN_INFINITE_RECURSION = YES;
				CLANG_WARN_INT_CONVERSION = YES;
				CLANG_WARN_NON_LITERAL_NULL_CONVERSION = YES;
				CLANG_WARN_OBJC_IMPLICIT_RETAIN_SELF = YES;
				CLANG_WARN_OBJC_LITERAL_CONVERSION = YES;
				CLANG_WARN_OBJC_ROOT_CLASS = YES_ERROR;
				CLANG_WARN_QUOTED_INCLUDE_IN_FRAMEWORK_HEADER = YES;
				CLANG_WARN_RANGE_LOOP_ANALYSIS = YES;
				CLANG_WARN_STRICT_PROTOTYPES = YES;
				CLANG_WARN_SUSPICIOUS_MOVE = YES;
				CLANG_WARN_UNGUARDED_AVAILABILITY = YES_AGGRESSIVE;
				CLANG_WARN_UNREACHABLE_CODE = YES;
				CLANG_WARN__DUPLICATE_METHOD_MATCH = YES;
				COPY_PHASE_STRIP = NO;
				DEBUG_INFORMATION_FORMAT = dwarf;
				ENABLE_STRICT_OBJC_MSGSEND = YES;
				ENABLE_TESTABILITY = YES;
				GCC_C_LANGUAGE_STANDARD = gnu11;
				GCC_DYNAMIC_NO_PIC = NO;
				GCC_NO_COMMON_BLOCKS = YES;
				GCC_OPTIMIZATION_LEVEL = 0;
				GCC_PREPROCESSOR_DEFINITIONS = (
					"DEBUG=1",
					"$(inherited)",
				);
				GCC_WARN_64_TO_32_BIT_CONVERSION = YES;
				GCC_WARN_ABOUT_RETURN_TYPE = YES_ERROR;
				GCC_WARN_UNDECLARED_SELECTOR = YES;
				GCC_WARN_UNINITIALIZED_AUTOS = YES_AGGRESSIVE;
				GCC_WARN_UNUSED_FUNCTION = YES;
				GCC_WARN_UNUSED_VARIABLE = YES;
				IPHONEOS_DEPLOYMENT_TARGET = 16.4;
				MTL_ENABLE_DEBUG_INFO = INCLUDE_SOURCE;
				MTL_FAST_MATH = YES;
				ONLY_ACTIVE_ARCH = YES;
				SDKROOT = iphoneos;
				SWIFT_ACTIVE_COMPILATION_CONDITIONS = DEBUG;
				SWIFT_OPTIMIZATION_LEVEL = "-Onone";
			};
			name = Debug;
		};
		B5D6976C2AAC5E3400FDCD5E /* Release */ = {
			isa = XCBuildConfiguration;
			buildSettings = {
				ALWAYS_SEARCH_USER_PATHS = NO;
				CLANG_ANALYZER_NONNULL = YES;
				CLANG_ANALYZER_NUMBER_OBJECT_CONVERSION = YES_AGGRESSIVE;
				CLANG_CXX_LANGUAGE_STANDARD = "gnu++20";
				CLANG_ENABLE_MODULES = YES;
				CLANG_ENABLE_OBJC_ARC = YES;
				CLANG_ENABLE_OBJC_WEAK = YES;
				CLANG_WARN_BLOCK_CAPTURE_AUTORELEASING = YES;
				CLANG_WARN_BOOL_CONVERSION = YES;
				CLANG_WARN_COMMA = YES;
				CLANG_WARN_CONSTANT_CONVERSION = YES;
				CLANG_WARN_DEPRECATED_OBJC_IMPLEMENTATIONS = YES;
				CLANG_WARN_DIRECT_OBJC_ISA_USAGE = YES_ERROR;
				CLANG_WARN_DOCUMENTATION_COMMENTS = YES;
				CLANG_WARN_EMPTY_BODY = YES;
				CLANG_WARN_ENUM_CONVERSION = YES;
				CLANG_WARN_INFINITE_RECURSION = YES;
				CLANG_WARN_INT_CONVERSION = YES;
				CLANG_WARN_NON_LITERAL_NULL_CONVERSION = YES;
				CLANG_WARN_OBJC_IMPLICIT_RETAIN_SELF = YES;
				CLANG_WARN_OBJC_LITERAL_CONVERSION = YES;
				CLANG_WARN_OBJC_ROOT_CLASS = YES_ERROR;
				CLANG_WARN_QUOTED_INCLUDE_IN_FRAMEWORK_HEADER = YES;
				CLANG_WARN_RANGE_LOOP_ANALYSIS = YES;
				CLANG_WARN_STRICT_PROTOTYPES = YES;
				CLANG_WARN_SUSPICIOUS_MOVE = YES;
				CLANG_WARN_UNGUARDED_AVAILABILITY = YES_AGGRESSIVE;
				CLANG_WARN_UNREACHABLE_CODE = YES;
				CLANG_WARN__DUPLICATE_METHOD_MATCH = YES;
				COPY_PHASE_STRIP = NO;
				DEBUG_INFORMATION_FORMAT = "dwarf-with-dsym";
				ENABLE_NS_ASSERTIONS = NO;
				ENABLE_STRICT_OBJC_MSGSEND = YES;
				GCC_C_LANGUAGE_STANDARD = gnu11;
				GCC_NO_COMMON_BLOCKS = YES;
				GCC_WARN_64_TO_32_BIT_CONVERSION = YES;
				GCC_WARN_ABOUT_RETURN_TYPE = YES_ERROR;
				GCC_WARN_UNDECLARED_SELECTOR = YES;
				GCC_WARN_UNINITIALIZED_AUTOS = YES_AGGRESSIVE;
				GCC_WARN_UNUSED_FUNCTION = YES;
				GCC_WARN_UNUSED_VARIABLE = YES;
				IPHONEOS_DEPLOYMENT_TARGET = 16.4;
				MTL_ENABLE_DEBUG_INFO = NO;
				MTL_FAST_MATH = YES;
				SDKROOT = iphoneos;
				SWIFT_COMPILATION_MODE = wholemodule;
				SWIFT_OPTIMIZATION_LEVEL = "-O";
				VALIDATE_PRODUCT = YES;
			};
			name = Release;
		};
		B5D6976E2AAC5E3400FDCD5E /* Debug */ = {
			isa = XCBuildConfiguration;
			buildSettings = {
				ASSETCATALOG_COMPILER_APPICON_NAME = AppIcon;
				ASSETCATALOG_COMPILER_GLOBAL_ACCENT_COLOR_NAME = AccentColor;
				CODE_SIGN_STYLE = Automatic;
				CURRENT_PROJECT_VERSION = 1;
				DEVELOPMENT_TEAM = XHC75Z2H75;
				GENERATE_INFOPLIST_FILE = YES;
				INFOPLIST_FILE = deneme2/Info.plist;
				INFOPLIST_KEY_UIApplicationSupportsIndirectInputEvents = YES;
				INFOPLIST_KEY_UILaunchStoryboardName = LaunchScreen;
				INFOPLIST_KEY_UIMainStoryboardFile = Main;
				INFOPLIST_KEY_UISupportedInterfaceOrientations_iPad = "UIInterfaceOrientationPortrait UIInterfaceOrientationPortraitUpsideDown UIInterfaceOrientationLandscapeLeft UIInterfaceOrientationLandscapeRight";
				INFOPLIST_KEY_UISupportedInterfaceOrientations_iPhone = "UIInterfaceOrientationPortrait UIInterfaceOrientationLandscapeLeft UIInterfaceOrientationLandscapeRight";
				LD_RUNPATH_SEARCH_PATHS = (
					"$(inherited)",
					"@executable_path/Frameworks",
				);
				MARKETING_VERSION = 1.0;
				PRODUCT_BUNDLE_IDENTIFIER = emirsecer.deneme2;
				PRODUCT_NAME = "$(TARGET_NAME)";
				SWIFT_EMIT_LOC_STRINGS = YES;
				SWIFT_VERSION = 5.0;
				TARGETED_DEVICE_FAMILY = "1,2";
			};
			name = Debug;
		};
		B5D6976F2AAC5E3400FDCD5E /* Release */ = {
			isa = XCBuildConfiguration;
			buildSettings = {
				ASSETCATALOG_COMPILER_APPICON_NAME = AppIcon;
				ASSETCATALOG_COMPILER_GLOBAL_ACCENT_COLOR_NAME = AccentColor;
				CODE_SIGN_STYLE = Automatic;
				CURRENT_PROJECT_VERSION = 1;
				DEVELOPMENT_TEAM = XHC75Z2H75;
				GENERATE_INFOPLIST_FILE = YES;
				INFOPLIST_FILE = deneme2/Info.plist;
				INFOPLIST_KEY_UIApplicationSupportsIndirectInputEvents = YES;
				INFOPLIST_KEY_UILaunchStoryboardName = LaunchScreen;
				INFOPLIST_KEY_UIMainStoryboardFile = Main;
				INFOPLIST_KEY_UISupportedInterfaceOrientations_iPad = "UIInterfaceOrientationPortrait UIInterfaceOrientationPortraitUpsideDown UIInterfaceOrientationLandscapeLeft UIInterfaceOrientationLandscapeRight";
				INFOPLIST_KEY_UISupportedInterfaceOrientations_iPhone = "UIInterfaceOrientationPortrait UIInterfaceOrientationLandscapeLeft UIInterfaceOrientationLandscapeRight";
				LD_RUNPATH_SEARCH_PATHS = (
					"$(inherited)",
					"@executable_path/Frameworks",
				);
				MARKETING_VERSION = 1.0;
				PRODUCT_BUNDLE_IDENTIFIER = emirsecer.deneme2;
				PRODUCT_NAME = "$(TARGET_NAME)";
				SWIFT_EMIT_LOC_STRINGS = YES;
				SWIFT_VERSION = 5.0;
				TARGETED_DEVICE_FAMILY = "1,2";
			};
			name = Release;
		};
/* End XCBuildConfiguration section */

/* Begin XCConfigurationList section */
		B5D697542AAC5E3100FDCD5E /* Build configuration list for PBXProject "deneme2" */ = {
			isa = XCConfigurationList;
			buildConfigurations = (
				B5D6976B2AAC5E3400FDCD5E /* Debug */,
				B5D6976C2AAC5E3400FDCD5E /* Release */,
			);
			defaultConfigurationIsVisible = 0;
			defaultConfigurationName = Release;
		};
		B5D6976D2AAC5E3400FDCD5E /* Build configuration list for PBXNativeTarget "deneme2" */ = {
			isa = XCConfigurationList;
			buildConfigurations = (
				B5D6976E2AAC5E3400FDCD5E /* Debug */,
				B5D6976F2AAC5E3400FDCD5E /* Release */,
			);
			defaultConfigurationIsVisible = 0;
			defaultConfigurationName = Release;
		};
/* End XCConfigurationList section */

/* Begin XCRemoteSwiftPackageReference section */
		B5BB117F2AAEF3C4003AB283 /* XCRemoteSwiftPackageReference "SDWebImage" */ = {
			isa = XCRemoteSwiftPackageReference;
			repositoryURL = "https://github.com/SDWebImage/SDWebImage.git";
			requirement = {
				kind = upToNextMajorVersion;
				minimumVersion = 5.0.0;
			};
		};
		B5D697722AAC616400FDCD5E /* XCRemoteSwiftPackageReference "firebase-ios-sdk" */ = {
			isa = XCRemoteSwiftPackageReference;
			repositoryURL = "https://github.com/firebase/firebase-ios-sdk";
			requirement = {
				kind = exactVersion;
				version = 10.14.0;
			};
		};
/* End XCRemoteSwiftPackageReference section */

/* Begin XCSwiftPackageProductDependency section */
		B5BB11802AAEF3C4003AB283 /* SDWebImage */ = {
			isa = XCSwiftPackageProductDependency;
			package = B5BB117F2AAEF3C4003AB283 /* XCRemoteSwiftPackageReference "SDWebImage" */;
			productName = SDWebImage;
		};
		B5BB11822AAEF3C4003AB283 /* SDWebImageMapKit */ = {
			isa = XCSwiftPackageProductDependency;
			package = B5BB117F2AAEF3C4003AB283 /* XCRemoteSwiftPackageReference "SDWebImage" */;
			productName = SDWebImageMapKit;
		};
		B5D697732AAC616400FDCD5E /* FirebaseAnalytics */ = {
			isa = XCSwiftPackageProductDependency;
			package = B5D697722AAC616400FDCD5E /* XCRemoteSwiftPackageReference "firebase-ios-sdk" */;
			productName = FirebaseAnalytics;
		};
		B5D697752AAC616400FDCD5E /* FirebaseAuth */ = {
			isa = XCSwiftPackageProductDependency;
			package = B5D697722AAC616400FDCD5E /* XCRemoteSwiftPackageReference "firebase-ios-sdk" */;
			productName = FirebaseAuth;
		};
		B5D697772AAC616400FDCD5E /* FirebaseAuthCombine-Community */ = {
			isa = XCSwiftPackageProductDependency;
			package = B5D697722AAC616400FDCD5E /* XCRemoteSwiftPackageReference "firebase-ios-sdk" */;
			productName = "FirebaseAuthCombine-Community";
		};
		B5D697792AAC616400FDCD5E /* FirebaseDatabase */ = {
			isa = XCSwiftPackageProductDependency;
			package = B5D697722AAC616400FDCD5E /* XCRemoteSwiftPackageReference "firebase-ios-sdk" */;
			productName = FirebaseDatabase;
		};
		B5D6977B2AAC616400FDCD5E /* FirebaseFirestore */ = {
			isa = XCSwiftPackageProductDependency;
			package = B5D697722AAC616400FDCD5E /* XCRemoteSwiftPackageReference "firebase-ios-sdk" */;
			productName = FirebaseFirestore;
		};
		B5D6977D2AAC616400FDCD5E /* FirebaseInAppMessaging-Beta */ = {
			isa = XCSwiftPackageProductDependency;
			package = B5D697722AAC616400FDCD5E /* XCRemoteSwiftPackageReference "firebase-ios-sdk" */;
			productName = "FirebaseInAppMessaging-Beta";
		};
		B5D6977F2AAC616400FDCD5E /* FirebaseStorage */ = {
			isa = XCSwiftPackageProductDependency;
			package = B5D697722AAC616400FDCD5E /* XCRemoteSwiftPackageReference "firebase-ios-sdk" */;
			productName = FirebaseStorage;
		};
/* End XCSwiftPackageProductDependency section */
	};
	rootObject = B5D697512AAC5E3100FDCD5E /* Project object */;
}
